// !$*UTF8*$!
{
	archiveVersion = 1;
	classes = {
	};
	objectVersion = 55;
	objects = {

/* Begin PBXBuildFile section */
		692F6F142939E0B200E8C31B /* AppDelegate.swift in Sources */ = {isa = PBXBuildFile; fileRef = 692F6F132939E0B200E8C31B /* AppDelegate.swift */; };
		692F6F162939E0B200E8C31B /* SceneDelegate.swift in Sources */ = {isa = PBXBuildFile; fileRef = 692F6F152939E0B200E8C31B /* SceneDelegate.swift */; };
		692F6F182939E0B200E8C31B /* ViewController.swift in Sources */ = {isa = PBXBuildFile; fileRef = 692F6F172939E0B200E8C31B /* ViewController.swift */; };
		692F6F1B2939E0B200E8C31B /* Main.storyboard in Resources */ = {isa = PBXBuildFile; fileRef = 692F6F192939E0B200E8C31B /* Main.storyboard */; };
		692F6F1D2939E0B300E8C31B /* Assets.xcassets in Resources */ = {isa = PBXBuildFile; fileRef = 692F6F1C2939E0B300E8C31B /* Assets.xcassets */; };
		692F6F202939E0B300E8C31B /* LaunchScreen.storyboard in Resources */ = {isa = PBXBuildFile; fileRef = 692F6F1E2939E0B300E8C31B /* LaunchScreen.storyboard */; };
		692F6F36293A079500E8C31B /* MessageBank.rb in Resources */ = {isa = PBXBuildFile; fileRef = 692F6F31293A079500E8C31B /* MessageBank.rb */; };
		692F6F37293A079500E8C31B /* ProjectManipulator.rb in Resources */ = {isa = PBXBuildFile; fileRef = 692F6F32293A079500E8C31B /* ProjectManipulator.rb */; };
		692F6F38293A079500E8C31B /* ConfigureSwift.rb in Resources */ = {isa = PBXBuildFile; fileRef = 692F6F33293A079500E8C31B /* ConfigureSwift.rb */; };
		692F6F39293A079600E8C31B /* Rename.rb in Resources */ = {isa = PBXBuildFile; fileRef = 692F6F34293A079500E8C31B /* Rename.rb */; };
		692F6F3A293A079600E8C31B /* TemplateConfigurator.rb in Resources */ = {isa = PBXBuildFile; fileRef = 692F6F35293A079500E8C31B /* TemplateConfigurator.rb */; };
		69A7C22929403629007535AC /* CreateProject.sh in Resources */ = {isa = PBXBuildFile; fileRef = 69A7C22829403629007535AC /* CreateProject.sh */; };
/* End PBXBuildFile section */

/* Begin PBXFileReference section */
		692F6F102939E0B200E8C31B /* PROJECT.app */ = {isa = PBXFileReference; explicitFileType = wrapper.application; includeInIndex = 0; path = PROJECT.app; sourceTree = BUILT_PRODUCTS_DIR; };
		692F6F132939E0B200E8C31B /* AppDelegate.swift */ = {isa = PBXFileReference; lastKnownFileType = sourcecode.swift; path = AppDelegate.swift; sourceTree = "<group>"; };
		692F6F152939E0B200E8C31B /* SceneDelegate.swift */ = {isa = PBXFileReference; lastKnownFileType = sourcecode.swift; path = SceneDelegate.swift; sourceTree = "<group>"; };
		692F6F172939E0B200E8C31B /* ViewController.swift */ = {isa = PBXFileReference; lastKnownFileType = sourcecode.swift; path = ViewController.swift; sourceTree = "<group>"; };
		692F6F1A2939E0B200E8C31B /* Base */ = {isa = PBXFileReference; lastKnownFileType = file.storyboard; name = Base; path = Base.lproj/Main.storyboard; sourceTree = "<group>"; };
		692F6F1C2939E0B300E8C31B /* Assets.xcassets */ = {isa = PBXFileReference; lastKnownFileType = folder.assetcatalog; path = Assets.xcassets; sourceTree = "<group>"; };
		692F6F1F2939E0B300E8C31B /* Base */ = {isa = PBXFileReference; lastKnownFileType = file.storyboard; name = Base; path = Base.lproj/LaunchScreen.storyboard; sourceTree = "<group>"; };
		692F6F212939E0B300E8C31B /* Info.plist */ = {isa = PBXFileReference; lastKnownFileType = text.plist.xml; path = Info.plist; sourceTree = "<group>"; };
		692F6F31293A079500E8C31B /* MessageBank.rb */ = {isa = PBXFileReference; fileEncoding = 4; lastKnownFileType = text.script.ruby; name = MessageBank.rb; path = ../../MessageBank.rb; sourceTree = "<group>"; };
		692F6F32293A079500E8C31B /* ProjectManipulator.rb */ = {isa = PBXFileReference; fileEncoding = 4; lastKnownFileType = text.script.ruby; name = ProjectManipulator.rb; path = ../../ProjectManipulator.rb; sourceTree = "<group>"; };
		692F6F33293A079500E8C31B /* ConfigureSwift.rb */ = {isa = PBXFileReference; fileEncoding = 4; lastKnownFileType = text.script.ruby; name = ConfigureSwift.rb; path = ../../ConfigureSwift.rb; sourceTree = "<group>"; };
		692F6F34293A079500E8C31B /* Rename.rb */ = {isa = PBXFileReference; fileEncoding = 4; lastKnownFileType = text.script.ruby; name = Rename.rb; path = ../../Rename.rb; sourceTree = "<group>"; };
		692F6F35293A079500E8C31B /* TemplateConfigurator.rb */ = {isa = PBXFileReference; fileEncoding = 4; lastKnownFileType = text.script.ruby; name = TemplateConfigurator.rb; path = ../../TemplateConfigurator.rb; sourceTree = "<group>"; };
		69A7C22829403629007535AC /* CreateProject.sh */ = {isa = PBXFileReference; fileEncoding = 4; lastKnownFileType = text.script.sh; name = CreateProject.sh; path = ../../CreateProject.sh; sourceTree = "<group>"; };
/* End PBXFileReference section */

/* Begin PBXFrameworksBuildPhase section */
		692F6F0D2939E0B200E8C31B /* Frameworks */ = {
			isa = PBXFrameworksBuildPhase;
			buildActionMask = 2147483647;
			files = (
			);
			runOnlyForDeploymentPostprocessing = 0;
		};
/* End PBXFrameworksBuildPhase section */

/* Begin PBXGroup section */
		692F6F072939E0B200E8C31B = {
			isa = PBXGroup;
			children = (
				692F6F122939E0B200E8C31B /* PROJECT */,
				692F6F112939E0B200E8C31B /* Products */,
			);
			sourceTree = "<group>";
		};
		692F6F112939E0B200E8C31B /* Products */ = {
			isa = PBXGroup;
			children = (
				692F6F102939E0B200E8C31B /* PROJECT.app */,
			);
			name = Products;
			sourceTree = "<group>";
		};
		692F6F122939E0B200E8C31B /* PROJECT */ = {
			isa = PBXGroup;
			children = (
				69A7C22829403629007535AC /* CreateProject.sh */,
				692F6F33293A079500E8C31B /* ConfigureSwift.rb */,
				692F6F31293A079500E8C31B /* MessageBank.rb */,
				692F6F32293A079500E8C31B /* ProjectManipulator.rb */,
				692F6F34293A079500E8C31B /* Rename.rb */,
				692F6F35293A079500E8C31B /* TemplateConfigurator.rb */,
				692F6F132939E0B200E8C31B /* AppDelegate.swift */,
				692F6F152939E0B200E8C31B /* SceneDelegate.swift */,
				692F6F172939E0B200E8C31B /* ViewController.swift */,
				692F6F192939E0B200E8C31B /* Main.storyboard */,
				692F6F1C2939E0B300E8C31B /* Assets.xcassets */,
				692F6F1E2939E0B300E8C31B /* LaunchScreen.storyboard */,
				692F6F212939E0B300E8C31B /* Info.plist */,
			);
			path = PROJECT;
			sourceTree = "<group>";
		};
/* End PBXGroup section */

/* Begin PBXNativeTarget section */
		692F6F0F2939E0B200E8C31B /* PROJECT */ = {
			isa = PBXNativeTarget;
			buildConfigurationList = 692F6F242939E0B300E8C31B /* Build configuration list for PBXNativeTarget "PROJECT" */;
			buildPhases = (
				692F6F0C2939E0B200E8C31B /* Sources */,
				692F6F0D2939E0B200E8C31B /* Frameworks */,
				692F6F0E2939E0B200E8C31B /* Resources */,
			);
			buildRules = (
			);
			dependencies = (
			);
			name = PROJECT;
			productName = PROJECT;
			productReference = 692F6F102939E0B200E8C31B /* PROJECT.app */;
			productType = "com.apple.product-type.application";
		};
/* End PBXNativeTarget section */

/* Begin PBXProject section */
		692F6F082939E0B200E8C31B /* Project object */ = {
			isa = PBXProject;
			attributes = {
				BuildIndependentTargetsInParallel = 1;
				LastSwiftUpdateCheck = 1340;
				LastUpgradeCheck = 1340;
				TargetAttributes = {
					692F6F0F2939E0B200E8C31B = {
						CreatedOnToolsVersion = 13.4;
					};
				};
			};
			buildConfigurationList = 692F6F0B2939E0B200E8C31B /* Build configuration list for PBXProject "PROJECT" */;
			compatibilityVersion = "Xcode 13.0";
			developmentRegion = en;
			hasScannedForEncodings = 0;
			knownRegions = (
				en,
				Base,
			);
			mainGroup = 692F6F072939E0B200E8C31B;
			productRefGroup = 692F6F072939E0B200E8C31B;
			projectDirPath = "";
			projectRoot = "";
			targets = (
				692F6F0F2939E0B200E8C31B /* PROJECT */,
			);
		};
/* End PBXProject section */

/* Begin PBXResourcesBuildPhase section */
		692F6F0E2939E0B200E8C31B /* Resources */ = {
			isa = PBXResourcesBuildPhase;
			buildActionMask = 2147483647;
			files = (
				692F6F3A293A079600E8C31B /* TemplateConfigurator.rb in Resources */,
				692F6F38293A079500E8C31B /* ConfigureSwift.rb in Resources */,
				692F6F202939E0B300E8C31B /* LaunchScreen.storyboard in Resources */,
				692F6F37293A079500E8C31B /* ProjectManipulator.rb in Resources */,
				692F6F39293A079600E8C31B /* Rename.rb in Resources */,
				692F6F36293A079500E8C31B /* MessageBank.rb in Resources */,
				692F6F1D2939E0B300E8C31B /* Assets.xcassets in Resources */,
				69A7C22929403629007535AC /* CreateProject.sh in Resources */,
				692F6F1B2939E0B200E8C31B /* Main.storyboard in Resources */,
			);
			runOnlyForDeploymentPostprocessing = 0;
		};
/* End PBXResourcesBuildPhase section */

/* Begin PBXSourcesBuildPhase section */
		692F6F0C2939E0B200E8C31B /* Sources */ = {
			isa = PBXSourcesBuildPhase;
			buildActionMask = 2147483647;
			files = (
				692F6F182939E0B200E8C31B /* ViewController.swift in Sources */,
				692F6F142939E0B200E8C31B /* AppDelegate.swift in Sources */,
				692F6F162939E0B200E8C31B /* SceneDelegate.swift in Sources */,
			);
			runOnlyForDeploymentPostprocessing = 0;
		};
/* End PBXSourcesBuildPhase section */

/* Begin PBXVariantGroup section */
		692F6F192939E0B200E8C31B /* Main.storyboard */ = {
			isa = PBXVariantGroup;
			children = (
				692F6F1A2939E0B200E8C31B /* Base */,
			);
			name = Main.storyboard;
			sourceTree = "<group>";
		};
		692F6F1E2939E0B300E8C31B /* LaunchScreen.storyboard */ = {
			isa = PBXVariantGroup;
			children = (
				692F6F1F2939E0B300E8C31B /* Base */,
			);
			name = LaunchScreen.storyboard;
			sourceTree = "<group>";
		};
/* End PBXVariantGroup section */

/* Begin XCBuildConfiguration section */
		692F6F222939E0B300E8C31B /* Debug */ = {
			isa = XCBuildConfiguration;
			buildSettings = {
				ALWAYS_SEARCH_USER_PATHS = NO;
				CLANG_ANALYZER_NONNULL = YES;
				CLANG_ANALYZER_NUMBER_OBJECT_CONVERSION = YES_AGGRESSIVE;
				CLANG_CXX_LANGUAGE_STANDARD = "gnu++17";
				CLANG_ENABLE_MODULES = YES;
				CLANG_ENABLE_OBJC_ARC = YES;
				CLANG_ENABLE_OBJC_WEAK = YES;
				CLANG_WARN_BLOCK_CAPTURE_AUTORELEASING = YES;
				CLANG_WARN_BOOL_CONVERSION = YES;
				CLANG_WARN_COMMA = YES;
				CLANG_WARN_CONSTANT_CONVERSION = YES;
				CLANG_WARN_DEPRECATED_OBJC_IMPLEMENTATIONS = YES;
				CLANG_WARN_DIRECT_OBJC_ISA_USAGE = YES_ERROR;
				CLANG_WARN_DOCUMENTATION_COMMENTS = YES;
				CLANG_WARN_EMPTY_BODY = YES;
				CLANG_WARN_ENUM_CONVERSION = YES;
				CLANG_WARN_INFINITE_RECURSION = YES;
				CLANG_WARN_INT_CONVERSION = YES;
				CLANG_WARN_NON_LITERAL_NULL_CONVERSION = YES;
				CLANG_WARN_OBJC_IMPLICIT_RETAIN_SELF = YES;
				CLANG_WARN_OBJC_LITERAL_CONVERSION = YES;
				CLANG_WARN_OBJC_ROOT_CLASS = YES_ERROR;
				CLANG_WARN_QUOTED_INCLUDE_IN_FRAMEWORK_HEADER = YES;
				CLANG_WARN_RANGE_LOOP_ANALYSIS = YES;
				CLANG_WARN_STRICT_PROTOTYPES = YES;
				CLANG_WARN_SUSPICIOUS_MOVE = YES;
				CLANG_WARN_UNGUARDED_AVAILABILITY = YES_AGGRESSIVE;
				CLANG_WARN_UNREACHABLE_CODE = YES;
				CLANG_WARN__DUPLICATE_METHOD_MATCH = YES;
				COPY_PHASE_STRIP = NO;
				DEBUG_INFORMATION_FORMAT = dwarf;
				ENABLE_STRICT_OBJC_MSGSEND = YES;
				ENABLE_TESTABILITY = YES;
				GCC_C_LANGUAGE_STANDARD = gnu11;
				GCC_DYNAMIC_NO_PIC = NO;
				GCC_NO_COMMON_BLOCKS = YES;
				GCC_OPTIMIZATION_LEVEL = 0;
				GCC_PREPROCESSOR_DEFINITIONS = (
					"DEBUG=1",
					"$(inherited)",
				);
				GCC_WARN_64_TO_32_BIT_CONVERSION = YES;
				GCC_WARN_ABOUT_RETURN_TYPE = YES_ERROR;
				GCC_WARN_UNDECLARED_SELECTOR = YES;
				GCC_WARN_UNINITIALIZED_AUTOS = YES_AGGRESSIVE;
				GCC_WARN_UNUSED_FUNCTION = YES;
				GCC_WARN_UNUSED_VARIABLE = YES;
				IPHONEOS_DEPLOYMENT_TARGET = 15.5;
				MTL_ENABLE_DEBUG_INFO = INCLUDE_SOURCE;
				MTL_FAST_MATH = YES;
				ONLY_ACTIVE_ARCH = YES;
				SDKROOT = iphoneos;
				SWIFT_ACTIVE_COMPILATION_CONDITIONS = DEBUG;
				SWIFT_OPTIMIZATION_LEVEL = "-Onone";
			};
			name = Debug;
		};
		692F6F232939E0B300E8C31B /* Release */ = {
			isa = XCBuildConfiguration;
			buildSettings = {
				ALWAYS_SEARCH_USER_PATHS = NO;
				CLANG_ANALYZER_NONNULL = YES;
				CLANG_ANALYZER_NUMBER_OBJECT_CONVERSION = YES_AGGRESSIVE;
				CLANG_CXX_LANGUAGE_STANDARD = "gnu++17";
				CLANG_ENABLE_MODULES = YES;
				CLANG_ENABLE_OBJC_ARC = YES;
				CLANG_ENABLE_OBJC_WEAK = YES;
				CLANG_WARN_BLOCK_CAPTURE_AUTORELEASING = YES;
				CLANG_WARN_BOOL_CONVERSION = YES;
				CLANG_WARN_COMMA = YES;
				CLANG_WARN_CONSTANT_CONVERSION = YES;
				CLANG_WARN_DEPRECATED_OBJC_IMPLEMENTATIONS = YES;
				CLANG_WARN_DIRECT_OBJC_ISA_USAGE = YES_ERROR;
				CLANG_WARN_DOCUMENTATION_COMMENTS = YES;
				CLANG_WARN_EMPTY_BODY = YES;
				CLANG_WARN_ENUM_CONVERSION = YES;
				CLANG_WARN_INFINITE_RECURSION = YES;
				CLANG_WARN_INT_CONVERSION = YES;
				CLANG_WARN_NON_LITERAL_NULL_CONVERSION = YES;
				CLANG_WARN_OBJC_IMPLICIT_RETAIN_SELF = YES;
				CLANG_WARN_OBJC_LITERAL_CONVERSION = YES;
				CLANG_WARN_OBJC_ROOT_CLASS = YES_ERROR;
				CLANG_WARN_QUOTED_INCLUDE_IN_FRAMEWORK_HEADER = YES;
				CLANG_WARN_RANGE_LOOP_ANALYSIS = YES;
				CLANG_WARN_STRICT_PROTOTYPES = YES;
				CLANG_WARN_SUSPICIOUS_MOVE = YES;
				CLANG_WARN_UNGUARDED_AVAILABILITY = YES_AGGRESSIVE;
				CLANG_WARN_UNREACHABLE_CODE = YES;
				CLANG_WARN__DUPLICATE_METHOD_MATCH = YES;
				COPY_PHASE_STRIP = NO;
				DEBUG_INFORMATION_FORMAT = "dwarf-with-dsym";
				ENABLE_NS_ASSERTIONS = NO;
				ENABLE_STRICT_OBJC_MSGSEND = YES;
				GCC_C_LANGUAGE_STANDARD = gnu11;
				GCC_NO_COMMON_BLOCKS = YES;
				GCC_WARN_64_TO_32_BIT_CONVERSION = YES;
				GCC_WARN_ABOUT_RETURN_TYPE = YES_ERROR;
				GCC_WARN_UNDECLARED_SELECTOR = YES;
				GCC_WARN_UNINITIALIZED_AUTOS = YES_AGGRESSIVE;
				GCC_WARN_UNUSED_FUNCTION = YES;
				GCC_WARN_UNUSED_VARIABLE = YES;
				IPHONEOS_DEPLOYMENT_TARGET = 15.5;
				MTL_ENABLE_DEBUG_INFO = NO;
				MTL_FAST_MATH = YES;
				SDKROOT = iphoneos;
				SWIFT_COMPILATION_MODE = wholemodule;
				SWIFT_OPTIMIZATION_LEVEL = "-O";
				VALIDATE_PRODUCT = YES;
			};
			name = Release;
		};
		692F6F252939E0B300E8C31B /* Debug */ = {
			isa = XCBuildConfiguration;
			buildSettings = {
				ASSETCATALOG_COMPILER_APPICON_NAME = AppIcon;
				ASSETCATALOG_COMPILER_GLOBAL_ACCENT_COLOR_NAME = AccentColor;
				CODE_SIGN_STYLE = Automatic;
				CURRENT_PROJECT_VERSION = 1;
				ENABLE_BITCODE = NO;
				GENERATE_INFOPLIST_FILE = YES;
				INFOPLIST_FILE = PROJECT/Info.plist;
				INFOPLIST_KEY_UIApplicationSupportsIndirectInputEvents = YES;
				INFOPLIST_KEY_UILaunchStoryboardName = LaunchScreen;
				INFOPLIST_KEY_UIMainStoryboardFile = Main;
				INFOPLIST_KEY_UISupportedInterfaceOrientations_iPad = "UIInterfaceOrientationPortrait UIInterfaceOrientationPortraitUpsideDown UIInterfaceOrientationLandscapeLeft UIInterfaceOrientationLandscapeRight";
				INFOPLIST_KEY_UISupportedInterfaceOrientations_iPhone = "UIInterfaceOrientationPortrait UIInterfaceOrientationLandscapeLeft UIInterfaceOrientationLandscapeRight";
				IPHONEOS_DEPLOYMENT_TARGET = 13.0;
				LD_RUNPATH_SEARCH_PATHS = (
					"$(inherited)",
					"@executable_path/Frameworks",
				);
				MARKETING_VERSION = 1.0;
				PRODUCT_BUNDLE_IDENTIFIER = com.gz.PROJECT;
				PRODUCT_NAME = "$(TARGET_NAME)";
				SWIFT_EMIT_LOC_STRINGS = YES;
				SWIFT_VERSION = 5.0;
				TARGETED_DEVICE_FAMILY = "1,2";
			};
			name = Debug;
		};
		692F6F262939E0B300E8C31B /* Release */ = {
			isa = XCBuildConfiguration;
			buildSettings = {
				ASSETCATALOG_COMPILER_APPICON_NAME = AppIcon;
				ASSETCATALOG_COMPILER_GLOBAL_ACCENT_COLOR_NAME = AccentColor;
				CODE_SIGN_STYLE = Automatic;
				CURRENT_PROJECT_VERSION = 1;
				ENABLE_BITCODE = NO;
				GENERATE_INFOPLIST_FILE = YES;
				INFOPLIST_FILE = PROJECT/Info.plist;
				INFOPLIST_KEY_UIApplicationSupportsIndirectInputEvents = YES;
				INFOPLIST_KEY_UILaunchStoryboardName = LaunchScreen;
				INFOPLIST_KEY_UIMainStoryboardFile = Main;
				INFOPLIST_KEY_UISupportedInterfaceOrientations_iPad = "UIInterfaceOrientationPortrait UIInterfaceOrientationPortraitUpsideDown UIInterfaceOrientationLandscapeLeft UIInterfaceOrientationLandscapeRight";
				INFOPLIST_KEY_UISupportedInterfaceOrientations_iPhone = "UIInterfaceOrientationPortrait UIInterfaceOrientationLandscapeLeft UIInterfaceOrientationLandscapeRight";
				IPHONEOS_DEPLOYMENT_TARGET = 13.0;
				LD_RUNPATH_SEARCH_PATHS = (
					"$(inherited)",
					"@executable_path/Frameworks",
				);
				MARKETING_VERSION = 1.0;
				PRODUCT_BUNDLE_IDENTIFIER = com.gz.PROJECT;
				PRODUCT_NAME = "$(TARGET_NAME)";
				SWIFT_EMIT_LOC_STRINGS = YES;
				SWIFT_VERSION = 5.0;
				TARGETED_DEVICE_FAMILY = "1,2";
			};
			name = Release;
		};
/* End XCBuildConfiguration section */

/* Begin XCConfigurationList section */
		692F6F0B2939E0B200E8C31B /* Build configuration list for PBXProject "PROJECT" */ = {
			isa = XCConfigurationList;
			buildConfigurations = (
				692F6F222939E0B300E8C31B /* Debug */,
				692F6F232939E0B300E8C31B /* Release */,
			);
			defaultConfigurationIsVisible = 0;
			defaultConfigurationName = Release;
		};
		692F6F242939E0B300E8C31B /* Build configuration list for PBXNativeTarget "PROJECT" */ = {
			isa = XCConfigurationList;
			buildConfigurations = (
				692F6F252939E0B300E8C31B /* Debug */,
				692F6F262939E0B300E8C31B /* Release */,
			);
			defaultConfigurationIsVisible = 0;
			defaultConfigurationName = Release;
		};
/* End XCConfigurationList section */
	};
	rootObject = 692F6F082939E0B200E8C31B /* Project object */;
}
